
Microsoft Visual Studio Solution File, Format Version 12.00
# Visual Studio Version 16
VisualStudioVersion = 25.0.1704.2
MinimumVisualStudioVersion = 10.0.40219.1
Project("{2150E333-8FDC-42A3-9474-1A3956D46DE8}") = "Web", "Web", "{E554B1D1-2FD2-49AB-9D06-1EF859AE236F}"
EndProject
Project("{FAE04EC0-301F-11D3-BF4B-00C04F79EFBC}") = "Workspacer.MVC", "Web\Workspacer.MVC\Workspacer.MVC.csproj", "{29C5A3C8-09F5-497C-82B6-295E5117CB6F}"
EndProject
Global
	GlobalSection(SolutionConfigurationPlatforms) = preSolution
		Debug|Any CPU = Debug|Any CPU
		Release|Any CPU = Release|Any CPU
	EndGlobalSection
	GlobalSection(ProjectConfigurationPlatforms) = postSolution
		{29C5A3C8-09F5-497C-82B6-295E5117CB6F}.Debug|Any CPU.ActiveCfg = Debug|Any CPU
		{29C5A3C8-09F5-497C-82B6-295E5117CB6F}.Debug|Any CPU.Build.0 = Debug|Any CPU
		{29C5A3C8-09F5-497C-82B6-295E5117CB6F}.Release|Any CPU.ActiveCfg = Release|Any CPU
		{29C5A3C8-09F5-497C-82B6-295E5117CB6F}.Release|Any CPU.Build.0 = Release|Any CPU
	EndGlobalSection
	GlobalSection(SolutionProperties) = preSolution
		HideSolutionNode = FALSE
	EndGlobalSection
	GlobalSection(ExtensibilityGlobals) = postSolution
		SolutionGuid = {B9B7FD9B-03A0-4622-BC9A-72064F4E03A9}
	EndGlobalSection
	GlobalSection(NestedProjects) = preSolution
		{29C5A3C8-09F5-497C-82B6-295E5117CB6F} = {E554B1D1-2FD2-49AB-9D06-1EF859AE236F}
	EndGlobalSection
EndGlobal
